
Microsoft Visual Studio Solution File, Format Version 12.00
# Visual Studio Version 17
VisualStudioVersion = 17.4.33110.190
MinimumVisualStudioVersion = 10.0.40219.1
Project("{E24C65DC-7377-472B-9ABA-BC803B73C61A}") = "hw5", ".", "{44D04F85-1468-4CAC-9729-96D27900CAFA}"
	ProjectSection(WebsiteProperties) = preProject
		TargetFrameworkMoniker = ".NETFramework,Version%3Dv4.8.1"
		Debug.AspNetCompiler.VirtualPath = "/localhost_64628"
		Debug.AspNetCompiler.PhysicalPath = "..\..\..\Desktop\oshrit\Studies\Year C\Semester B\Internatiot\hw5\"
		Debug.AspNetCompiler.TargetPath = "PrecompiledWeb\localhost_64628\"
		Debug.AspNetCompiler.Updateable = "true"
		Debug.AspNetCompiler.ForceOverwrite = "true"
		Debug.AspNetCompiler.FixedNames = "false"
		Debug.AspNetCompiler.Debug = "True"
		Release.AspNetCompiler.VirtualPath = "/localhost_64628"
		Release.AspNetCompiler.PhysicalPath = "..\..\..\Desktop\oshrit\Studies\Year C\Semester B\Internatiot\hw5\"
		Release.AspNetCompiler.TargetPath = "PrecompiledWeb\localhost_64628\"
		Release.AspNetCompiler.Updateable = "true"
		Release.AspNetCompiler.ForceOverwrite = "true"
		Release.AspNetCompiler.FixedNames = "false"
		Release.AspNetCompiler.Debug = "False"
		VWDPort = "64628"
	EndProjectSection
EndProject
Global
	GlobalSection(SolutionConfigurationPlatforms) = preSolution
		Debug|Any CPU = Debug|Any CPU
	EndGlobalSection
	GlobalSection(ProjectConfigurationPlatforms) = postSolution
		{44D04F85-1468-4CAC-9729-96D27900CAFA}.Debug|Any CPU.ActiveCfg = Debug|Any CPU
		{44D04F85-1468-4CAC-9729-96D27900CAFA}.Debug|Any CPU.Build.0 = Debug|Any CPU
	EndGlobalSection
	GlobalSection(SolutionProperties) = preSolution
		HideSolutionNode = FALSE
	EndGlobalSection
	GlobalSection(ExtensibilityGlobals) = postSolution
		SolutionGuid = {F94EFBB0-AC92-4BD8-92EB-021C8EE84076}
	EndGlobalSection
EndGlobal
